
Microsoft Visual Studio Solution File, Format Version 12.00
# Visual Studio Version 16
VisualStudioVersion = 25.0.1705.0
MinimumVisualStudioVersion = 10.0.40219.1
Project("{FAE04EC0-301F-11D3-BF4B-00C04F79EFBC}") = "Caller", "Caller\Caller.csproj", "{034578C0-D0CD-43EB-8CC6-161641805907}"
EndProject
Project("{FAE04EC0-301F-11D3-BF4B-00C04F79EFBC}") = "Callee", "Callee\Callee.csproj", "{F447F85B-F651-4A72-9489-F7C3FE20361D}"
EndProject
Global
	GlobalSection(SolutionConfigurationPlatforms) = preSolution
		Debug|Any CPU = Debug|Any CPU
		Release|Any CPU = Release|Any CPU
	EndGlobalSection
	GlobalSection(ProjectConfigurationPlatforms) = postSolution
		{034578C0-D0CD-43EB-8CC6-161641805907}.Debug|Any CPU.ActiveCfg = Debug|Any CPU
		{034578C0-D0CD-43EB-8CC6-161641805907}.Debug|Any CPU.Build.0 = Debug|Any CPU
		{034578C0-D0CD-43EB-8CC6-161641805907}.Release|Any CPU.ActiveCfg = Release|Any CPU
		{034578C0-D0CD-43EB-8CC6-161641805907}.Release|Any CPU.Build.0 = Release|Any CPU
		{F447F85B-F651-4A72-9489-F7C3FE20361D}.Debug|Any CPU.ActiveCfg = Debug|Any CPU
		{F447F85B-F651-4A72-9489-F7C3FE20361D}.Debug|Any CPU.Build.0 = Debug|Any CPU
		{F447F85B-F651-4A72-9489-F7C3FE20361D}.Release|Any CPU.ActiveCfg = Release|Any CPU
		{F447F85B-F651-4A72-9489-F7C3FE20361D}.Release|Any CPU.Build.0 = Release|Any CPU
	EndGlobalSection
	GlobalSection(SolutionProperties) = preSolution
		HideSolutionNode = FALSE
	EndGlobalSection
	GlobalSection(ExtensibilityGlobals) = postSolution
		SolutionGuid = {F4380D8D-8A23-47F7-94CD-1C42437D4459}
	EndGlobalSection
EndGlobal
